
Microsoft Visual Studio Solution File, Format Version 10.00
# Visual C++ Express 2008
Project("{8BC9CEB8-8B4A-11D0-8D11-00A0C91BC942}") = "Triangle", "Triangle\Triangle.vcproj", "{57B2FC31-BA4F-4EC8-BA6E-23F7EC4A6547}"
EndProject
Global
	GlobalSection(SolutionConfigurationPlatforms) = preSolution
		Debug|Win32 = Debug|Win32
		Release|Win32 = Release|Win32
	EndGlobalSection
	GlobalSection(ProjectConfigurationPlatforms) = postSolution
		{57B2FC31-BA4F-4EC8-BA6E-23F7EC4A6547}.Debug|Win32.ActiveCfg = Debug|Win32
		{57B2FC31-BA4F-4EC8-BA6E-23F7EC4A6547}.Debug|Win32.Build.0 = Debug|Win32
		{57B2FC31-BA4F-4EC8-BA6E-23F7EC4A6547}.Release|Win32.ActiveCfg = Release|Win32
		{57B2FC31-BA4F-4EC8-BA6E-23F7EC4A6547}.Release|Win32.Build.0 = Release|Win32
	EndGlobalSection
	GlobalSection(SolutionProperties) = preSolution
		HideSolutionNode = FALSE
	EndGlobalSection
EndGlobal
