
Microsoft Visual Studio Solution File, Format Version 10.00
# Visual C++ Express 2008
Project("{8BC9CEB8-8B4A-11D0-8D11-00A0C91BC942}") = "HelloWorld", "HelloWorld\HelloWorld.vcproj", "{F7256EFF-05A6-4181-B5AC-06C0B42C7094}"
EndProject
Global
	GlobalSection(SolutionConfigurationPlatforms) = preSolution
		Debug|Win32 = Debug|Win32
		Release|Win32 = Release|Win32
	EndGlobalSection
	GlobalSection(ProjectConfigurationPlatforms) = postSolution
		{F7256EFF-05A6-4181-B5AC-06C0B42C7094}.Debug|Win32.ActiveCfg = Debug|Win32
		{F7256EFF-05A6-4181-B5AC-06C0B42C7094}.Debug|Win32.Build.0 = Debug|Win32
		{F7256EFF-05A6-4181-B5AC-06C0B42C7094}.Release|Win32.ActiveCfg = Release|Win32
		{F7256EFF-05A6-4181-B5AC-06C0B42C7094}.Release|Win32.Build.0 = Release|Win32
	EndGlobalSection
	GlobalSection(SolutionProperties) = preSolution
		HideSolutionNode = FALSE
	EndGlobalSection
EndGlobal
