
Microsoft Visual Studio Solution File, Format Version 10.00
# Visual C++ Express 2008
Project("{8BC9CEB8-8B4A-11D0-8D11-00A0C91BC942}") = "Water Bill", "Water Bill\Water Bill.vcproj", "{AEC799D2-A78B-4B80-AEB8-34DAEC0189EA}"
EndProject
Global
	GlobalSection(SolutionConfigurationPlatforms) = preSolution
		Debug|Win32 = Debug|Win32
		Release|Win32 = Release|Win32
	EndGlobalSection
	GlobalSection(ProjectConfigurationPlatforms) = postSolution
		{AEC799D2-A78B-4B80-AEB8-34DAEC0189EA}.Debug|Win32.ActiveCfg = Debug|Win32
		{AEC799D2-A78B-4B80-AEB8-34DAEC0189EA}.Debug|Win32.Build.0 = Debug|Win32
		{AEC799D2-A78B-4B80-AEB8-34DAEC0189EA}.Release|Win32.ActiveCfg = Release|Win32
		{AEC799D2-A78B-4B80-AEB8-34DAEC0189EA}.Release|Win32.Build.0 = Release|Win32
	EndGlobalSection
	GlobalSection(SolutionProperties) = preSolution
		HideSolutionNode = FALSE
	EndGlobalSection
EndGlobal
