
Microsoft Visual Studio Solution File, Format Version 10.00
# Visual C++ Express 2008
Project("{8BC9CEB8-8B4A-11D0-8D11-00A0C91BC942}") = "Student", "Student\Student.vcproj", "{F88E2DA1-AE79-48E0-ABD3-DD27F6583AE7}"
EndProject
Global
	GlobalSection(SolutionConfigurationPlatforms) = preSolution
		Debug|Win32 = Debug|Win32
		Release|Win32 = Release|Win32
	EndGlobalSection
	GlobalSection(ProjectConfigurationPlatforms) = postSolution
		{F88E2DA1-AE79-48E0-ABD3-DD27F6583AE7}.Debug|Win32.ActiveCfg = Debug|Win32
		{F88E2DA1-AE79-48E0-ABD3-DD27F6583AE7}.Debug|Win32.Build.0 = Debug|Win32
		{F88E2DA1-AE79-48E0-ABD3-DD27F6583AE7}.Release|Win32.ActiveCfg = Release|Win32
		{F88E2DA1-AE79-48E0-ABD3-DD27F6583AE7}.Release|Win32.Build.0 = Release|Win32
	EndGlobalSection
	GlobalSection(SolutionProperties) = preSolution
		HideSolutionNode = FALSE
	EndGlobalSection
EndGlobal
